PODS:
  - AFNetworking (2.5.4):
    - AFNetworking/NSURLConnection (= 2.5.4)
    - AFNetworking/NSURLSession (= 2.5.4)
    - AFNetworking/Reachability (= 2.5.4)
    - AFNetworking/Security (= 2.5.4)
    - AFNetworking/Serialization (= 2.5.4)
    - AFNetworking/UIKit (= 2.5.4)
  - AFNetworking/NSURLConnection (2.5.4):
    - AFNetworking/Reachability
    - AFNetworking/Security
    - AFNetworking/Serialization
  - AFNetworking/NSURLSession (2.5.4):
    - AFNetworking/Reachability
    - AFNetworking/Security
    - AFNetworking/Serialization
  - AFNetworking/Reachability (2.5.4)
  - AFNetworking/Security (2.5.4)
  - AFNetworking/Serialization (2.5.4)
  - AFNetworking/UIKit (2.5.4):
    - AFNetworking/NSURLConnection
    - AFNetworking/NSURLSession
  - BENTagsView (0.9.0)
  - Kiwi (2.3.1)
  - MagicalRecord (2.2):
    - MagicalRecord/Core (= 2.2)
  - MagicalRecord/Core (2.2)
  - MBProgressHUD (0.9.1)
  - Nocilla (0.9.0)
  - OCHamcrest (4.1.1)
  - OCMockito (1.4.0):
    - OCHamcrest (~> 4.0)
  - OHHTTPStubs (4.0.1)
  - RDRStickyKeyboardView (0.0.2)
  - SWTableViewCell (0.3.7)
  - UICKeyChainStore (2.0.4)
  - UIImage-ResizeMagick (0.0.1)
  - UIScrollView-InfiniteScroll (0.7.2)

DEPENDENCIES:
  - AFNetworking
  - BENTagsView
  - Kiwi
  - MagicalRecord
  - MBProgressHUD
  - Nocilla
  - OCMockito
  - OHHTTPStubs
  - RDRStickyKeyboardView
  - SWTableViewCell (~> 0.3.7)
  - UICKeyChainStore
  - UIImage-ResizeMagick
  - UIScrollView-InfiniteScroll

SPEC CHECKSUMS:
  AFNetworking: 05edc0ac4c4c8cf57bcf4b84be5b0744b6d8e71e
  BENTagsView: 1a6ade3a65b7e677ea7482c1c08983ab4db532d5
  Kiwi: f038a6c61f7a9e4d7766bff5717aa3b3fdb75f55
  MagicalRecord: f8a56bb87ab6552f20c4bb8681a1958a197ea3cd
  MBProgressHUD: c47f2c166c126cf2ce36498d80f33e754d4e93ad
  Nocilla: d7d96e8a11e363f0d7c976d48b320c43d61fb471
  OCHamcrest: 6f03ffa81d12feab872638490a44ab0a6d3aca10
  OCMockito: 4981140c9a9ec06c31af40f636e3c0f25f27e6b2
  OHHTTPStubs: 69b1d48b7dfe838a355fdf48d8592d1042e3d85f
  RDRStickyKeyboardView: e78b8bed5c3ff01e42af9747cd942445ee762b93
  SWTableViewCell: 2a94aadc9d47b2b611fa064566bf57948b95b579
  UICKeyChainStore: 69eb0c3a6f669bccf16ba88de3b9069b71501361
  UIImage-ResizeMagick: f08c2d14d1e8a5f0b402185408785540562f2fe7
  UIScrollView-InfiniteScroll: cfa860f96f5a2e3b4575d59fe6d08d337093ac2a

COCOAPODS: 0.37.1
