// !$*UTF8*$!
{
	archiveVersion = 1;
	classes = {
	};
	objectVersion = 46;
	objects = {

/* Begin PBXBuildFile section */
		64097AAB1AF96C3B002F44AD /* CommentDetailViewController.m in Sources */ = {isa = PBXBuildFile; fileRef = 64097AAA1AF96C3B002F44AD /* CommentDetailViewController.m */; };
		640DC37F1ADD824900CE22DA /* message.png in Resources */ = {isa = PBXBuildFile; fileRef = 640DC37E1ADD824900CE22DA /* message.png */; };
		640DC3811ADD860700CE22DA /* settings48.png in Resources */ = {isa = PBXBuildFile; fileRef = 640DC3801ADD860700CE22DA /* settings48.png */; };
		640DC3831ADD96CC00CE22DA /* up-32.png in Resources */ = {isa = PBXBuildFile; fileRef = 640DC3821ADD96CC00CE22DA /* up-32.png */; };
		640DC3851ADD96DB00CE22DA /* down-32.png in Resources */ = {isa = PBXBuildFile; fileRef = 640DC3841ADD96DB00CE22DA /* down-32.png */; };
		641085791B02B8E00003FAF3 /* QuestionSpec.m in Sources */ = {isa = PBXBuildFile; fileRef = 641085781B02B8E00003FAF3 /* QuestionSpec.m */; };
		6410857A1B02BF030003FAF3 /* Api.m in Sources */ = {isa = PBXBuildFile; fileRef = 6428B0E61AACF4B200110D62 /* Api.m */; };
		6410857B1B02C3A00003FAF3 /* QuestionsViewController.m in Sources */ = {isa = PBXBuildFile; fileRef = 64C69EE21A6C4F20006AB0AC /* QuestionsViewController.m */; };
		64124A1A1AB987230009C034 /* move9.png in Resources */ = {isa = PBXBuildFile; fileRef = 64124A191AB987230009C034 /* move9.png */; };
		6414F87B1AD2D9B6003B2C15 /* StatisticViewController.m in Sources */ = {isa = PBXBuildFile; fileRef = 6414F87A1AD2D9B6003B2C15 /* StatisticViewController.m */; };
		64157B861AC82C1E00E0E401 /* AuthorizationManager.m in Sources */ = {isa = PBXBuildFile; fileRef = 64157B851AC82C1E00E0E401 /* AuthorizationManager.m */; };
		64157B891AC8440300E0E401 /* Authorization.m in Sources */ = {isa = PBXBuildFile; fileRef = 64157B881AC8440300E0E401 /* Authorization.m */; };
		64157B901AC8728400E0E401 /* ProfileViewController.m in Sources */ = {isa = PBXBuildFile; fileRef = 64157B8F1AC8728400E0E401 /* ProfileViewController.m */; };
		6428B0C31AAC73ED00110D62 /* SWRevealViewController.m in Sources */ = {isa = PBXBuildFile; fileRef = 6428B0C21AAC73ED00110D62 /* SWRevealViewController.m */; };
		6428B0C61AAC777900110D62 /* SidebarViewController.m in Sources */ = {isa = PBXBuildFile; fileRef = 6428B0C51AAC777900110D62 /* SidebarViewController.m */; };
		6428B0CA1AAC77A100110D62 /* RightPanelViewController.m in Sources */ = {isa = PBXBuildFile; fileRef = 6428B0C91AAC77A100110D62 /* RightPanelViewController.m */; };
		6428B0CC1AAC78A900110D62 /* menu-32.png in Resources */ = {isa = PBXBuildFile; fileRef = 6428B0CB1AAC78A900110D62 /* menu-32.png */; };
		6428B0D61AACF1E300110D62 /* create1.png in Resources */ = {isa = PBXBuildFile; fileRef = 6428B0D41AACF1E300110D62 /* create1.png */; };
		6428B0D71AACF1E300110D62 /* login17.png in Resources */ = {isa = PBXBuildFile; fileRef = 6428B0D51AACF1E300110D62 /* login17.png */; };
		6428B0D91AACF24D00110D62 /* ask_question-32.png in Resources */ = {isa = PBXBuildFile; fileRef = 6428B0D81AACF24D00110D62 /* ask_question-32.png */; };
		6428B0DB1AACF25C00110D62 /* answers-32.png in Resources */ = {isa = PBXBuildFile; fileRef = 6428B0DA1AACF25C00110D62 /* answers-32.png */; };
		6428B0DD1AACF28E00110D62 /* category.png in Resources */ = {isa = PBXBuildFile; fileRef = 6428B0DC1AACF28E00110D62 /* category.png */; };
		6428B0DF1AACF2BE00110D62 /* response-32.png in Resources */ = {isa = PBXBuildFile; fileRef = 6428B0DE1AACF2BE00110D62 /* response-32.png */; };
		6428B0E11AACF2D200110D62 /* feedback-32.png in Resources */ = {isa = PBXBuildFile; fileRef = 6428B0E01AACF2D200110D62 /* feedback-32.png */; };
		6428B0E31AACF3DF00110D62 /* news-32.png in Resources */ = {isa = PBXBuildFile; fileRef = 6428B0E21AACF3DF00110D62 /* news-32.png */; };
		6428B0E71AACF4B200110D62 /* Api.m in Sources */ = {isa = PBXBuildFile; fileRef = 6428B0E61AACF4B200110D62 /* Api.m */; };
		6428B0EA1AAE0AF500110D62 /* eye110.png in Resources */ = {isa = PBXBuildFile; fileRef = 6428B0E91AAE0AF500110D62 /* eye110.png */; };
		642B5C001B04F42C004CEAA4 /* ServerConnection.m in Sources */ = {isa = PBXBuildFile; fileRef = 642B5BFF1B04F42C004CEAA4 /* ServerConnection.m */; };
		642FAE641AD339440093A5D2 /* SQAStatistic.m in Sources */ = {isa = PBXBuildFile; fileRef = 642FAE631AD339440093A5D2 /* SQAStatistic.m */; };
		642FAE681AD346EF0093A5D2 /* StatisticTableViewCell.m in Sources */ = {isa = PBXBuildFile; fileRef = 642FAE671AD346EF0093A5D2 /* StatisticTableViewCell.m */; };
		643874181ACAF3820059EBEC /* user7.png in Resources */ = {isa = PBXBuildFile; fileRef = 643874171ACAF3820059EBEC /* user7.png */; };
		6438741F1ACAFBFC0059EBEC /* ProfileSidebarTableViewCell.m in Sources */ = {isa = PBXBuildFile; fileRef = 6438741D1ACAFBFC0059EBEC /* ProfileSidebarTableViewCell.m */; };
		643874201ACAFBFC0059EBEC /* ProfileSidebarTableViewCell.xib in Resources */ = {isa = PBXBuildFile; fileRef = 6438741E1ACAFBFC0059EBEC /* ProfileSidebarTableViewCell.xib */; };
		643874221ACAFCD00059EBEC /* mark1.png in Resources */ = {isa = PBXBuildFile; fileRef = 643874211ACAFCD00059EBEC /* mark1.png */; };
		643874291ACB13BD0059EBEC /* SidebarTableViewCell.m in Sources */ = {isa = PBXBuildFile; fileRef = 643874271ACB13BD0059EBEC /* SidebarTableViewCell.m */; };
		6438742A1ACB13BD0059EBEC /* SidebarTableViewCell.xib in Resources */ = {isa = PBXBuildFile; fileRef = 643874281ACB13BD0059EBEC /* SidebarTableViewCell.xib */; };
		64413C8B1B00FF0600AE6C27 /* Answer.m in Sources */ = {isa = PBXBuildFile; fileRef = 64413C8A1B00FF0600AE6C27 /* Answer.m */; };
		64413C8E1B01032400AE6C27 /* Comment.m in Sources */ = {isa = PBXBuildFile; fileRef = 64413C8D1B01032400AE6C27 /* Comment.m */; };
		64413C941B01770E00AE6C27 /* star138.png in Resources */ = {isa = PBXBuildFile; fileRef = 64413C931B01770E00AE6C27 /* star138.png */; };
		64413C961B017A5100AE6C27 /* sidebar-background.png in Resources */ = {isa = PBXBuildFile; fileRef = 64413C951B017A5100AE6C27 /* sidebar-background.png */; };
		64413C981B017AB400AE6C27 /* cell-background.png in Resources */ = {isa = PBXBuildFile; fileRef = 64413C971B017AB400AE6C27 /* cell-background.png */; };
		64413C9A1B017DFE00AE6C27 /* bg-sb-test.jpg in Resources */ = {isa = PBXBuildFile; fileRef = 64413C991B017DFE00AE6C27 /* bg-sb-test.jpg */; };
		644B46511AC0AC28002CF50C /* AnswersViewController.m in Sources */ = {isa = PBXBuildFile; fileRef = 644B46501AC0AC28002CF50C /* AnswersViewController.m */; };
		644B46581AC0BFE6002CF50C /* AnswerTableViewCell.m in Sources */ = {isa = PBXBuildFile; fileRef = 644B46561AC0BFE6002CF50C /* AnswerTableViewCell.m */; };
		644EAB7A1AF7D50C000C921C /* CommentsListViewController.m in Sources */ = {isa = PBXBuildFile; fileRef = 644EAB791AF7D50C000C921C /* CommentsListViewController.m */; };
		644FE0DE1AF80AFB0059E830 /* CommentTableViewCell.m in Sources */ = {isa = PBXBuildFile; fileRef = 644FE0DD1AF80AFB0059E830 /* CommentTableViewCell.m */; };
		646543781AFBF3C800C0E10F /* UserCommentsViewController.m in Sources */ = {isa = PBXBuildFile; fileRef = 646543771AFBF3C800C0E10F /* UserCommentsViewController.m */; };
		6465437B1AFC0AD000C0E10F /* UserCommentTableViewCell.m in Sources */ = {isa = PBXBuildFile; fileRef = 6465437A1AFC0AD000C0E10F /* UserCommentTableViewCell.m */; };
		6465437F1AFD3D6000C0E10F /* CategoriesViewController.m in Sources */ = {isa = PBXBuildFile; fileRef = 6465437E1AFD3D6000C0E10F /* CategoriesViewController.m */; };
		646543831AFD3EC200C0E10F /* CategoryTableViewCell.m in Sources */ = {isa = PBXBuildFile; fileRef = 646543821AFD3EC200C0E10F /* CategoryTableViewCell.m */; };
		646543871AFD508000C0E10F /* categoryHeader.xib in Resources */ = {isa = PBXBuildFile; fileRef = 646543861AFD508000C0E10F /* categoryHeader.xib */; };
		6465438A1AFD5D7700C0E10F /* QuestionCategoryView.m in Sources */ = {isa = PBXBuildFile; fileRef = 646543891AFD5D7700C0E10F /* QuestionCategoryView.m */; };
		6465438D1AFD656700C0E10F /* CategoryDetailViewController.m in Sources */ = {isa = PBXBuildFile; fileRef = 6465438C1AFD656700C0E10F /* CategoryDetailViewController.m */; };
		6469F9B01A7049B300E837E3 /* edit-32.png in Resources */ = {isa = PBXBuildFile; fileRef = 6469F9AF1A7049B300E837E3 /* edit-32.png */; };
		6469F9B21A70572B00E837E3 /* plus-32.png in Resources */ = {isa = PBXBuildFile; fileRef = 6469F9B11A70572B00E837E3 /* plus-32.png */; };
		6469F9B41A70578900E837E3 /* delete_sign-32.png in Resources */ = {isa = PBXBuildFile; fileRef = 6469F9B31A70578900E837E3 /* delete_sign-32.png */; };
		6469F9B61A70592500E837E3 /* Main.storyboard in Resources */ = {isa = PBXBuildFile; fileRef = 6469F9B51A70592500E837E3 /* Main.storyboard */; };
		647BD8991AF027F0002A0B66 /* UserAnswersTableViewCell.m in Sources */ = {isa = PBXBuildFile; fileRef = 647BD8981AF027F0002A0B66 /* UserAnswersTableViewCell.m */; };
		647C55C31AC36D980011D5FA /* AuthorizationViewController.m in Sources */ = {isa = PBXBuildFile; fileRef = 647C55C21AC36D980011D5FA /* AuthorizationViewController.m */; };
		6480ED331AFFED660023AFBB /* Question.m in Sources */ = {isa = PBXBuildFile; fileRef = 6480ED321AFFED660023AFBB /* Question.m */; };
		6480ED361AFFF5260023AFBB /* SCategory.m in Sources */ = {isa = PBXBuildFile; fileRef = 6480ED351AFFF5260023AFBB /* SCategory.m */; };
		6480ED391AFFF5C50023AFBB /* User.m in Sources */ = {isa = PBXBuildFile; fileRef = 6480ED381AFFF5C50023AFBB /* User.m */; };
		6480ED3C1B0005AD0023AFBB /* down4-32.png in Resources */ = {isa = PBXBuildFile; fileRef = 6480ED3A1B0005AD0023AFBB /* down4-32.png */; };
		6480ED3D1B0005AD0023AFBB /* up4-32.png in Resources */ = {isa = PBXBuildFile; fileRef = 6480ED3B1B0005AD0023AFBB /* up4-32.png */; };
		648F4E3D1AD6C52E00DECF49 /* UserQuestionsViewController.m in Sources */ = {isa = PBXBuildFile; fileRef = 648F4E3C1AD6C52E00DECF49 /* UserQuestionsViewController.m */; };
		64A7B7021AE7C8D3008F6E90 /* AnswerDetailViewController.m in Sources */ = {isa = PBXBuildFile; fileRef = 64A7B7011AE7C8D3008F6E90 /* AnswerDetailViewController.m */; };
		64C69EBB1A6C4F01006AB0AC /* main.m in Sources */ = {isa = PBXBuildFile; fileRef = 64C69EBA1A6C4F01006AB0AC /* main.m */; };
		64C69EBE1A6C4F01006AB0AC /* AppDelegate.m in Sources */ = {isa = PBXBuildFile; fileRef = 64C69EBD1A6C4F01006AB0AC /* AppDelegate.m */; };
		64C69EC11A6C4F01006AB0AC /* StackQA.xcdatamodeld in Sources */ = {isa = PBXBuildFile; fileRef = 64C69EBF1A6C4F01006AB0AC /* StackQA.xcdatamodeld */; };
		64C69EC41A6C4F01006AB0AC /* ViewController.m in Sources */ = {isa = PBXBuildFile; fileRef = 64C69EC31A6C4F01006AB0AC /* ViewController.m */; };
		64C69EC91A6C4F01006AB0AC /* Images.xcassets in Resources */ = {isa = PBXBuildFile; fileRef = 64C69EC81A6C4F01006AB0AC /* Images.xcassets */; };
		64C69ECC1A6C4F01006AB0AC /* LaunchScreen.xib in Resources */ = {isa = PBXBuildFile; fileRef = 64C69ECA1A6C4F01006AB0AC /* LaunchScreen.xib */; };
		64C69EE31A6C4F20006AB0AC /* QuestionsViewController.m in Sources */ = {isa = PBXBuildFile; fileRef = 64C69EE21A6C4F20006AB0AC /* QuestionsViewController.m */; };
		64C69EE61A6C4F37006AB0AC /* QuestionsFormViewController.m in Sources */ = {isa = PBXBuildFile; fileRef = 64C69EE51A6C4F37006AB0AC /* QuestionsFormViewController.m */; };
		64C69EEF1A6C5EBC006AB0AC /* QuestionDetailViewController.m in Sources */ = {isa = PBXBuildFile; fileRef = 64C69EEE1A6C5EBC006AB0AC /* QuestionDetailViewController.m */; };
		64C69EF31A6C6FFA006AB0AC /* QuestionsTableViewCell.m in Sources */ = {isa = PBXBuildFile; fileRef = 64C69EF11A6C6FFA006AB0AC /* QuestionsTableViewCell.m */; };
		64C69EF81A6C71D7006AB0AC /* group-32.png in Resources */ = {isa = PBXBuildFile; fileRef = 64C69EF71A6C71D7006AB0AC /* group-32.png */; };
		64C69EFB1A6C726B006AB0AC /* ask_question-32.png in Resources */ = {isa = PBXBuildFile; fileRef = 64C69EF91A6C726B006AB0AC /* ask_question-32.png */; };
		64C69EFC1A6C726B006AB0AC /* chat-32.png in Resources */ = {isa = PBXBuildFile; fileRef = 64C69EFA1A6C726B006AB0AC /* chat-32.png */; };
		64D8E3391AE9B488006EB1CD /* UserAnswersViewController.m in Sources */ = {isa = PBXBuildFile; fileRef = 64D8E3381AE9B488006EB1CD /* UserAnswersViewController.m */; };
		64E9C5F21AE4445A0055B325 /* correct6.png in Resources */ = {isa = PBXBuildFile; fileRef = 64E9C5F11AE444590055B325 /* correct6.png */; };
		64F567961ACE9FA90084AED4 /* ServerError.m in Sources */ = {isa = PBXBuildFile; fileRef = 64F567951ACE9FA90084AED4 /* ServerError.m */; };
		64F5679E1ACF07820084AED4 /* ImageView.m in Sources */ = {isa = PBXBuildFile; fileRef = 64F5679D1ACF07820084AED4 /* ImageView.m */; };
		64F567A01ACF07910084AED4 /* ImageView.xib in Resources */ = {isa = PBXBuildFile; fileRef = 64F5679F1ACF07910084AED4 /* ImageView.xib */; };
		85DE37E0200C23155A10D8FE /* libPods-StackQA.a in Frameworks */ = {isa = PBXBuildFile; fileRef = 0A6B621E56EE27401DA4E77E /* libPods-StackQA.a */; };
		E669C34ACD2D7E0FB1EC289C /* libPods-StackQATests.a in Frameworks */ = {isa = PBXBuildFile; fileRef = F4B555D9EF6DDA2054400A8A /* libPods-StackQATests.a */; };
/* End PBXBuildFile section */

/* Begin PBXContainerItemProxy section */
		64C69ED21A6C4F01006AB0AC /* PBXContainerItemProxy */ = {
			isa = PBXContainerItemProxy;
			containerPortal = 64C69EAD1A6C4F01006AB0AC /* Project object */;
			proxyType = 1;
			remoteGlobalIDString = 64C69EB41A6C4F01006AB0AC;
			remoteInfo = StackQA;
		};
/* End PBXContainerItemProxy section */

/* Begin PBXFileReference section */
		0A6B621E56EE27401DA4E77E /* libPods-StackQA.a */ = {isa = PBXFileReference; explicitFileType = archive.ar; includeInIndex = 0; path = "libPods-StackQA.a"; sourceTree = BUILT_PRODUCTS_DIR; };
		1EA85A2B2044ED18E82303D6 /* Pods-StackQATests.debug.xcconfig */ = {isa = PBXFileReference; includeInIndex = 1; lastKnownFileType = text.xcconfig; name = "Pods-StackQATests.debug.xcconfig"; path = "Pods/Target Support Files/Pods-StackQATests/Pods-StackQATests.debug.xcconfig"; sourceTree = "<group>"; };
		3E76E9A33D74CE7449938A9E /* Pods-StackQATests.release.xcconfig */ = {isa = PBXFileReference; includeInIndex = 1; lastKnownFileType = text.xcconfig; name = "Pods-StackQATests.release.xcconfig"; path = "Pods/Target Support Files/Pods-StackQATests/Pods-StackQATests.release.xcconfig"; sourceTree = "<group>"; };
		59D33AF41C08481A842855BA /* Pods-StackQA.debug.xcconfig */ = {isa = PBXFileReference; includeInIndex = 1; lastKnownFileType = text.xcconfig; name = "Pods-StackQA.debug.xcconfig"; path = "Pods/Target Support Files/Pods-StackQA/Pods-StackQA.debug.xcconfig"; sourceTree = "<group>"; };
		64097AA91AF96C3B002F44AD /* CommentDetailViewController.h */ = {isa = PBXFileReference; fileEncoding = 4; lastKnownFileType = sourcecode.c.h; path = CommentDetailViewController.h; sourceTree = "<group>"; };
		64097AAA1AF96C3B002F44AD /* CommentDetailViewController.m */ = {isa = PBXFileReference; fileEncoding = 4; lastKnownFileType = sourcecode.c.objc; path = CommentDetailViewController.m; sourceTree = "<group>"; };
		640DC37E1ADD824900CE22DA /* message.png */ = {isa = PBXFileReference; lastKnownFileType = image.png; path = message.png; sourceTree = "<group>"; };
		640DC3801ADD860700CE22DA /* settings48.png */ = {isa = PBXFileReference; lastKnownFileType = image.png; path = settings48.png; sourceTree = "<group>"; };
		640DC3821ADD96CC00CE22DA /* up-32.png */ = {isa = PBXFileReference; lastKnownFileType = image.png; path = "up-32.png"; sourceTree = "<group>"; };
		640DC3841ADD96DB00CE22DA /* down-32.png */ = {isa = PBXFileReference; lastKnownFileType = image.png; path = "down-32.png"; sourceTree = "<group>"; };
		641085771B02A8530003FAF3 /* CommentDelegate.h */ = {isa = PBXFileReference; lastKnownFileType = sourcecode.c.h; path = CommentDelegate.h; sourceTree = "<group>"; };
		641085781B02B8E00003FAF3 /* QuestionSpec.m */ = {isa = PBXFileReference; fileEncoding = 4; lastKnownFileType = sourcecode.c.objc; path = QuestionSpec.m; sourceTree = "<group>"; };
		64124A191AB987230009C034 /* move9.png */ = {isa = PBXFileReference; lastKnownFileType = image.png; path = move9.png; sourceTree = "<group>"; };
		6414F8791AD2D9B6003B2C15 /* StatisticViewController.h */ = {isa = PBXFileReference; fileEncoding = 4; lastKnownFileType = sourcecode.c.h; path = StatisticViewController.h; sourceTree = "<group>"; };
		6414F87A1AD2D9B6003B2C15 /* StatisticViewController.m */ = {isa = PBXFileReference; fileEncoding = 4; lastKnownFileType = sourcecode.c.objc; path = StatisticViewController.m; sourceTree = "<group>"; };
		64157B841AC82C1E00E0E401 /* AuthorizationManager.h */ = {isa = PBXFileReference; fileEncoding = 4; lastKnownFileType = sourcecode.c.h; path = AuthorizationManager.h; sourceTree = "<group>"; };
		64157B851AC82C1E00E0E401 /* AuthorizationManager.m */ = {isa = PBXFileReference; fileEncoding = 4; lastKnownFileType = sourcecode.c.objc; path = AuthorizationManager.m; sourceTree = "<group>"; };
		64157B871AC8440300E0E401 /* Authorization.h */ = {isa = PBXFileReference; fileEncoding = 4; lastKnownFileType = sourcecode.c.h; name = Authorization.h; path = ../Authorization.h; sourceTree = "<group>"; };
		64157B881AC8440300E0E401 /* Authorization.m */ = {isa = PBXFileReference; fileEncoding = 4; lastKnownFileType = sourcecode.c.objc; name = Authorization.m; path = ../Authorization.m; sourceTree = "<group>"; };
		64157B8E1AC8728400E0E401 /* ProfileViewController.h */ = {isa = PBXFileReference; fileEncoding = 4; lastKnownFileType = sourcecode.c.h; path = ProfileViewController.h; sourceTree = "<group>"; };
		64157B8F1AC8728400E0E401 /* ProfileViewController.m */ = {isa = PBXFileReference; fileEncoding = 4; lastKnownFileType = sourcecode.c.objc; path = ProfileViewController.m; sourceTree = "<group>"; };
		6428B0C11AAC73ED00110D62 /* SWRevealViewController.h */ = {isa = PBXFileReference; fileEncoding = 4; lastKnownFileType = sourcecode.c.h; path = SWRevealViewController.h; sourceTree = "<group>"; };
		6428B0C21AAC73ED00110D62 /* SWRevealViewController.m */ = {isa = PBXFileReference; fileEncoding = 4; lastKnownFileType = sourcecode.c.objc; path = SWRevealViewController.m; sourceTree = "<group>"; };
		6428B0C41AAC777900110D62 /* SidebarViewController.h */ = {isa = PBXFileReference; fileEncoding = 4; lastKnownFileType = sourcecode.c.h; path = SidebarViewController.h; sourceTree = "<group>"; };
		6428B0C51AAC777900110D62 /* SidebarViewController.m */ = {isa = PBXFileReference; fileEncoding = 4; lastKnownFileType = sourcecode.c.objc; path = SidebarViewController.m; sourceTree = "<group>"; };
		6428B0C81AAC77A100110D62 /* RightPanelViewController.h */ = {isa = PBXFileReference; fileEncoding = 4; lastKnownFileType = sourcecode.c.h; path = RightPanelViewController.h; sourceTree = "<group>"; };
		6428B0C91AAC77A100110D62 /* RightPanelViewController.m */ = {isa = PBXFileReference; fileEncoding = 4; lastKnownFileType = sourcecode.c.objc; path = RightPanelViewController.m; sourceTree = "<group>"; };
		6428B0CB1AAC78A900110D62 /* menu-32.png */ = {isa = PBXFileReference; lastKnownFileType = image.png; path = "menu-32.png"; sourceTree = "<group>"; };
		6428B0D41AACF1E300110D62 /* create1.png */ = {isa = PBXFileReference; lastKnownFileType = image.png; path = create1.png; sourceTree = "<group>"; };
		6428B0D51AACF1E300110D62 /* login17.png */ = {isa = PBXFileReference; lastKnownFileType = image.png; path = login17.png; sourceTree = "<group>"; };
		6428B0D81AACF24D00110D62 /* ask_question-32.png */ = {isa = PBXFileReference; lastKnownFileType = image.png; path = "ask_question-32.png"; sourceTree = "<group>"; };
		6428B0DA1AACF25C00110D62 /* answers-32.png */ = {isa = PBXFileReference; lastKnownFileType = image.png; path = "answers-32.png"; sourceTree = "<group>"; };
		6428B0DC1AACF28E00110D62 /* category.png */ = {isa = PBXFileReference; lastKnownFileType = image.png; path = category.png; sourceTree = "<group>"; };
		6428B0DE1AACF2BE00110D62 /* response-32.png */ = {isa = PBXFileReference; lastKnownFileType = image.png; path = "response-32.png"; sourceTree = "<group>"; };
		6428B0E01AACF2D200110D62 /* feedback-32.png */ = {isa = PBXFileReference; lastKnownFileType = image.png; path = "feedback-32.png"; sourceTree = "<group>"; };
		6428B0E21AACF3DF00110D62 /* news-32.png */ = {isa = PBXFileReference; lastKnownFileType = image.png; path = "news-32.png"; sourceTree = "<group>"; };
		6428B0E51AACF4B200110D62 /* Api.h */ = {isa = PBXFileReference; fileEncoding = 4; lastKnownFileType = sourcecode.c.h; path = Api.h; sourceTree = "<group>"; };
		6428B0E61AACF4B200110D62 /* Api.m */ = {isa = PBXFileReference; fileEncoding = 4; lastKnownFileType = sourcecode.c.objc; path = Api.m; sourceTree = "<group>"; };
		6428B0E91AAE0AF500110D62 /* eye110.png */ = {isa = PBXFileReference; lastKnownFileType = image.png; path = eye110.png; sourceTree = "<group>"; };
		642B5BFE1B04F42C004CEAA4 /* ServerConnection.h */ = {isa = PBXFileReference; fileEncoding = 4; lastKnownFileType = sourcecode.c.h; path = ServerConnection.h; sourceTree = "<group>"; };
		642B5BFF1B04F42C004CEAA4 /* ServerConnection.m */ = {isa = PBXFileReference; fileEncoding = 4; lastKnownFileType = sourcecode.c.objc; path = ServerConnection.m; sourceTree = "<group>"; };
		642FAE621AD339440093A5D2 /* SQAStatistic.h */ = {isa = PBXFileReference; fileEncoding = 4; lastKnownFileType = sourcecode.c.h; path = SQAStatistic.h; sourceTree = "<group>"; };
		642FAE631AD339440093A5D2 /* SQAStatistic.m */ = {isa = PBXFileReference; fileEncoding = 4; lastKnownFileType = sourcecode.c.objc; path = SQAStatistic.m; sourceTree = "<group>"; };
		642FAE661AD346EF0093A5D2 /* StatisticTableViewCell.h */ = {isa = PBXFileReference; fileEncoding = 4; lastKnownFileType = sourcecode.c.h; path = StatisticTableViewCell.h; sourceTree = "<group>"; };
		642FAE671AD346EF0093A5D2 /* StatisticTableViewCell.m */ = {isa = PBXFileReference; fileEncoding = 4; lastKnownFileType = sourcecode.c.objc; path = StatisticTableViewCell.m; sourceTree = "<group>"; };
		643874171ACAF3820059EBEC /* user7.png */ = {isa = PBXFileReference; lastKnownFileType = image.png; path = user7.png; sourceTree = "<group>"; };
		6438741C1ACAFBFC0059EBEC /* ProfileSidebarTableViewCell.h */ = {isa = PBXFileReference; fileEncoding = 4; lastKnownFileType = sourcecode.c.h; path = ProfileSidebarTableViewCell.h; sourceTree = "<group>"; };
		6438741D1ACAFBFC0059EBEC /* ProfileSidebarTableViewCell.m */ = {isa = PBXFileReference; fileEncoding = 4; lastKnownFileType = sourcecode.c.objc; path = ProfileSidebarTableViewCell.m; sourceTree = "<group>"; };
		6438741E1ACAFBFC0059EBEC /* ProfileSidebarTableViewCell.xib */ = {isa = PBXFileReference; fileEncoding = 4; lastKnownFileType = file.xib; path = ProfileSidebarTableViewCell.xib; sourceTree = "<group>"; };
		643874211ACAFCD00059EBEC /* mark1.png */ = {isa = PBXFileReference; lastKnownFileType = image.png; path = mark1.png; sourceTree = "<group>"; };
		643874261ACB13BD0059EBEC /* SidebarTableViewCell.h */ = {isa = PBXFileReference; fileEncoding = 4; lastKnownFileType = sourcecode.c.h; path = SidebarTableViewCell.h; sourceTree = "<group>"; };
		643874271ACB13BD0059EBEC /* SidebarTableViewCell.m */ = {isa = PBXFileReference; fileEncoding = 4; lastKnownFileType = sourcecode.c.objc; path = SidebarTableViewCell.m; sourceTree = "<group>"; };
		643874281ACB13BD0059EBEC /* SidebarTableViewCell.xib */ = {isa = PBXFileReference; fileEncoding = 4; lastKnownFileType = file.xib; path = SidebarTableViewCell.xib; sourceTree = "<group>"; };
		64413C891B00FF0600AE6C27 /* Answer.h */ = {isa = PBXFileReference; fileEncoding = 4; lastKnownFileType = sourcecode.c.h; path = Answer.h; sourceTree = "<group>"; };
		64413C8A1B00FF0600AE6C27 /* Answer.m */ = {isa = PBXFileReference; fileEncoding = 4; lastKnownFileType = sourcecode.c.objc; path = Answer.m; sourceTree = "<group>"; };
		64413C8C1B01032400AE6C27 /* Comment.h */ = {isa = PBXFileReference; fileEncoding = 4; lastKnownFileType = sourcecode.c.h; path = Comment.h; sourceTree = "<group>"; };
		64413C8D1B01032400AE6C27 /* Comment.m */ = {isa = PBXFileReference; fileEncoding = 4; lastKnownFileType = sourcecode.c.objc; path = Comment.m; sourceTree = "<group>"; };
		64413C901B0118FD00AE6C27 /* RatingDelegate.h */ = {isa = PBXFileReference; lastKnownFileType = sourcecode.c.h; path = RatingDelegate.h; sourceTree = "<group>"; };
		64413C911B0155E800AE6C27 /* QuestionDelegate.h */ = {isa = PBXFileReference; lastKnownFileType = sourcecode.c.h; path = QuestionDelegate.h; sourceTree = "<group>"; };
		64413C921B015F4200AE6C27 /* AnswerDelegate.h */ = {isa = PBXFileReference; lastKnownFileType = sourcecode.c.h; path = AnswerDelegate.h; sourceTree = "<group>"; };
		64413C931B01770E00AE6C27 /* star138.png */ = {isa = PBXFileReference; lastKnownFileType = image.png; path = star138.png; sourceTree = "<group>"; };
		64413C951B017A5100AE6C27 /* sidebar-background.png */ = {isa = PBXFileReference; lastKnownFileType = image.png; path = "sidebar-background.png"; sourceTree = "<group>"; };
		64413C971B017AB400AE6C27 /* cell-background.png */ = {isa = PBXFileReference; lastKnownFileType = image.png; path = "cell-background.png"; sourceTree = "<group>"; };
		64413C991B017DFE00AE6C27 /* bg-sb-test.jpg */ = {isa = PBXFileReference; lastKnownFileType = image.jpeg; path = "bg-sb-test.jpg"; sourceTree = "<group>"; };
		644B464F1AC0AC28002CF50C /* AnswersViewController.h */ = {isa = PBXFileReference; fileEncoding = 4; lastKnownFileType = sourcecode.c.h; path = AnswersViewController.h; sourceTree = "<group>"; };
		644B46501AC0AC28002CF50C /* AnswersViewController.m */ = {isa = PBXFileReference; fileEncoding = 4; lastKnownFileType = sourcecode.c.objc; path = AnswersViewController.m; sourceTree = "<group>"; };
		644B46551AC0BFE6002CF50C /* AnswerTableViewCell.h */ = {isa = PBXFileReference; fileEncoding = 4; lastKnownFileType = sourcecode.c.h; path = AnswerTableViewCell.h; sourceTree = "<group>"; };
		644B46561AC0BFE6002CF50C /* AnswerTableViewCell.m */ = {isa = PBXFileReference; fileEncoding = 4; lastKnownFileType = sourcecode.c.objc; path = AnswerTableViewCell.m; sourceTree = "<group>"; };
		644EAB781AF7D50C000C921C /* CommentsListViewController.h */ = {isa = PBXFileReference; fileEncoding = 4; lastKnownFileType = sourcecode.c.h; path = CommentsListViewController.h; sourceTree = "<group>"; };
		644EAB791AF7D50C000C921C /* CommentsListViewController.m */ = {isa = PBXFileReference; fileEncoding = 4; lastKnownFileType = sourcecode.c.objc; path = CommentsListViewController.m; sourceTree = "<group>"; };
		644FE0DC1AF80AFB0059E830 /* CommentTableViewCell.h */ = {isa = PBXFileReference; fileEncoding = 4; lastKnownFileType = sourcecode.c.h; path = CommentTableViewCell.h; sourceTree = "<group>"; };
		644FE0DD1AF80AFB0059E830 /* CommentTableViewCell.m */ = {isa = PBXFileReference; fileEncoding = 4; lastKnownFileType = sourcecode.c.objc; path = CommentTableViewCell.m; sourceTree = "<group>"; };
		646543761AFBF3C800C0E10F /* UserCommentsViewController.h */ = {isa = PBXFileReference; fileEncoding = 4; lastKnownFileType = sourcecode.c.h; path = UserCommentsViewController.h; sourceTree = "<group>"; };
		646543771AFBF3C800C0E10F /* UserCommentsViewController.m */ = {isa = PBXFileReference; fileEncoding = 4; lastKnownFileType = sourcecode.c.objc; path = UserCommentsViewController.m; sourceTree = "<group>"; };
		646543791AFC0AD000C0E10F /* UserCommentTableViewCell.h */ = {isa = PBXFileReference; fileEncoding = 4; lastKnownFileType = sourcecode.c.h; path = UserCommentTableViewCell.h; sourceTree = "<group>"; };
		6465437A1AFC0AD000C0E10F /* UserCommentTableViewCell.m */ = {isa = PBXFileReference; fileEncoding = 4; lastKnownFileType = sourcecode.c.objc; path = UserCommentTableViewCell.m; sourceTree = "<group>"; };
		6465437D1AFD3D6000C0E10F /* CategoriesViewController.h */ = {isa = PBXFileReference; fileEncoding = 4; lastKnownFileType = sourcecode.c.h; path = CategoriesViewController.h; sourceTree = "<group>"; };
		6465437E1AFD3D6000C0E10F /* CategoriesViewController.m */ = {isa = PBXFileReference; fileEncoding = 4; lastKnownFileType = sourcecode.c.objc; path = CategoriesViewController.m; sourceTree = "<group>"; };
		646543811AFD3EC200C0E10F /* CategoryTableViewCell.h */ = {isa = PBXFileReference; fileEncoding = 4; lastKnownFileType = sourcecode.c.h; path = CategoryTableViewCell.h; sourceTree = "<group>"; };
		646543821AFD3EC200C0E10F /* CategoryTableViewCell.m */ = {isa = PBXFileReference; fileEncoding = 4; lastKnownFileType = sourcecode.c.objc; path = CategoryTableViewCell.m; sourceTree = "<group>"; };
		646543861AFD508000C0E10F /* categoryHeader.xib */ = {isa = PBXFileReference; fileEncoding = 4; lastKnownFileType = file.xib; path = categoryHeader.xib; sourceTree = "<group>"; };
		646543881AFD5D7700C0E10F /* QuestionCategoryView.h */ = {isa = PBXFileReference; fileEncoding = 4; lastKnownFileType = sourcecode.c.h; path = QuestionCategoryView.h; sourceTree = "<group>"; };
		646543891AFD5D7700C0E10F /* QuestionCategoryView.m */ = {isa = PBXFileReference; fileEncoding = 4; lastKnownFileType = sourcecode.c.objc; path = QuestionCategoryView.m; sourceTree = "<group>"; };
		6465438B1AFD656700C0E10F /* CategoryDetailViewController.h */ = {isa = PBXFileReference; fileEncoding = 4; lastKnownFileType = sourcecode.c.h; path = CategoryDetailViewController.h; sourceTree = "<group>"; };
		6465438C1AFD656700C0E10F /* CategoryDetailViewController.m */ = {isa = PBXFileReference; fileEncoding = 4; lastKnownFileType = sourcecode.c.objc; path = CategoryDetailViewController.m; sourceTree = "<group>"; };
		6469F9AF1A7049B300E837E3 /* edit-32.png */ = {isa = PBXFileReference; lastKnownFileType = image.png; name = "edit-32.png"; path = "../edit-32.png"; sourceTree = "<group>"; };
		6469F9B11A70572B00E837E3 /* plus-32.png */ = {isa = PBXFileReference; lastKnownFileType = image.png; name = "plus-32.png"; path = "../plus-32.png"; sourceTree = "<group>"; };
		6469F9B31A70578900E837E3 /* delete_sign-32.png */ = {isa = PBXFileReference; lastKnownFileType = image.png; name = "delete_sign-32.png"; path = "../delete_sign-32.png"; sourceTree = "<group>"; };
		6469F9B51A70592500E837E3 /* Main.storyboard */ = {isa = PBXFileReference; fileEncoding = 4; lastKnownFileType = file.storyboard; path = Main.storyboard; sourceTree = "<group>"; };
		647BD8971AF027F0002A0B66 /* UserAnswersTableViewCell.h */ = {isa = PBXFileReference; fileEncoding = 4; lastKnownFileType = sourcecode.c.h; path = UserAnswersTableViewCell.h; sourceTree = "<group>"; };
		647BD8981AF027F0002A0B66 /* UserAnswersTableViewCell.m */ = {isa = PBXFileReference; fileEncoding = 4; lastKnownFileType = sourcecode.c.objc; path = UserAnswersTableViewCell.m; sourceTree = "<group>"; };
		647C55C11AC36D980011D5FA /* AuthorizationViewController.h */ = {isa = PBXFileReference; fileEncoding = 4; lastKnownFileType = sourcecode.c.h; path = AuthorizationViewController.h; sourceTree = "<group>"; };
		647C55C21AC36D980011D5FA /* AuthorizationViewController.m */ = {isa = PBXFileReference; fileEncoding = 4; lastKnownFileType = sourcecode.c.objc; path = AuthorizationViewController.m; sourceTree = "<group>"; };
		6480ED311AFFED660023AFBB /* Question.h */ = {isa = PBXFileReference; fileEncoding = 4; lastKnownFileType = sourcecode.c.h; path = Question.h; sourceTree = "<group>"; };
		6480ED321AFFED660023AFBB /* Question.m */ = {isa = PBXFileReference; fileEncoding = 4; lastKnownFileType = sourcecode.c.objc; path = Question.m; sourceTree = "<group>"; };
		6480ED341AFFF5260023AFBB /* SCategory.h */ = {isa = PBXFileReference; fileEncoding = 4; lastKnownFileType = sourcecode.c.h; path = SCategory.h; sourceTree = "<group>"; };
		6480ED351AFFF5260023AFBB /* SCategory.m */ = {isa = PBXFileReference; fileEncoding = 4; lastKnownFileType = sourcecode.c.objc; path = SCategory.m; sourceTree = "<group>"; };
		6480ED371AFFF5C50023AFBB /* User.h */ = {isa = PBXFileReference; fileEncoding = 4; lastKnownFileType = sourcecode.c.h; path = User.h; sourceTree = "<group>"; };
		6480ED381AFFF5C50023AFBB /* User.m */ = {isa = PBXFileReference; fileEncoding = 4; lastKnownFileType = sourcecode.c.objc; path = User.m; sourceTree = "<group>"; };
		6480ED3A1B0005AD0023AFBB /* down4-32.png */ = {isa = PBXFileReference; lastKnownFileType = image.png; path = "down4-32.png"; sourceTree = "<group>"; };
		6480ED3B1B0005AD0023AFBB /* up4-32.png */ = {isa = PBXFileReference; lastKnownFileType = image.png; path = "up4-32.png"; sourceTree = "<group>"; };
		648F4E3B1AD6C52E00DECF49 /* UserQuestionsViewController.h */ = {isa = PBXFileReference; fileEncoding = 4; lastKnownFileType = sourcecode.c.h; path = UserQuestionsViewController.h; sourceTree = "<group>"; };
		648F4E3C1AD6C52E00DECF49 /* UserQuestionsViewController.m */ = {isa = PBXFileReference; fileEncoding = 4; lastKnownFileType = sourcecode.c.objc; path = UserQuestionsViewController.m; sourceTree = "<group>"; };
		64A7B7001AE7C8D3008F6E90 /* AnswerDetailViewController.h */ = {isa = PBXFileReference; fileEncoding = 4; lastKnownFileType = sourcecode.c.h; path = AnswerDetailViewController.h; sourceTree = "<group>"; };
		64A7B7011AE7C8D3008F6E90 /* AnswerDetailViewController.m */ = {isa = PBXFileReference; fileEncoding = 4; lastKnownFileType = sourcecode.c.objc; path = AnswerDetailViewController.m; sourceTree = "<group>"; };
		64C69EB51A6C4F01006AB0AC /* StackQA.app */ = {isa = PBXFileReference; explicitFileType = wrapper.application; includeInIndex = 0; path = StackQA.app; sourceTree = BUILT_PRODUCTS_DIR; };
		64C69EB91A6C4F01006AB0AC /* Info.plist */ = {isa = PBXFileReference; lastKnownFileType = text.plist.xml; path = Info.plist; sourceTree = "<group>"; };
		64C69EBA1A6C4F01006AB0AC /* main.m */ = {isa = PBXFileReference; lastKnownFileType = sourcecode.c.objc; path = main.m; sourceTree = "<group>"; };
		64C69EBC1A6C4F01006AB0AC /* AppDelegate.h */ = {isa = PBXFileReference; lastKnownFileType = sourcecode.c.h; path = AppDelegate.h; sourceTree = "<group>"; };
		64C69EBD1A6C4F01006AB0AC /* AppDelegate.m */ = {isa = PBXFileReference; lastKnownFileType = sourcecode.c.objc; path = AppDelegate.m; sourceTree = "<group>"; };
		64C69EC01A6C4F01006AB0AC /* StackQA.xcdatamodel */ = {isa = PBXFileReference; lastKnownFileType = wrapper.xcdatamodel; path = StackQA.xcdatamodel; sourceTree = "<group>"; };
		64C69EC21A6C4F01006AB0AC /* ViewController.h */ = {isa = PBXFileReference; lastKnownFileType = sourcecode.c.h; path = ViewController.h; sourceTree = "<group>"; };
		64C69EC31A6C4F01006AB0AC /* ViewController.m */ = {isa = PBXFileReference; lastKnownFileType = sourcecode.c.objc; path = ViewController.m; sourceTree = "<group>"; };
		64C69EC81A6C4F01006AB0AC /* Images.xcassets */ = {isa = PBXFileReference; lastKnownFileType = folder.assetcatalog; path = Images.xcassets; sourceTree = "<group>"; };
		64C69ECB1A6C4F01006AB0AC /* Base */ = {isa = PBXFileReference; lastKnownFileType = file.xib; name = Base; path = Base.lproj/LaunchScreen.xib; sourceTree = "<group>"; };
		64C69ED11A6C4F01006AB0AC /* StackQATests.xctest */ = {isa = PBXFileReference; explicitFileType = wrapper.cfbundle; includeInIndex = 0; path = StackQATests.xctest; sourceTree = BUILT_PRODUCTS_DIR; };
		64C69ED61A6C4F01006AB0AC /* Info.plist */ = {isa = PBXFileReference; lastKnownFileType = text.plist.xml; path = Info.plist; sourceTree = "<group>"; };
		64C69EE11A6C4F20006AB0AC /* QuestionsViewController.h */ = {isa = PBXFileReference; fileEncoding = 4; lastKnownFileType = sourcecode.c.h; name = QuestionsViewController.h; path = ../QuestionsViewController.h; sourceTree = "<group>"; };
		64C69EE21A6C4F20006AB0AC /* QuestionsViewController.m */ = {isa = PBXFileReference; fileEncoding = 4; lastKnownFileType = sourcecode.c.objc; name = QuestionsViewController.m; path = ../QuestionsViewController.m; sourceTree = "<group>"; };
		64C69EE41A6C4F37006AB0AC /* QuestionsFormViewController.h */ = {isa = PBXFileReference; fileEncoding = 4; lastKnownFileType = sourcecode.c.h; name = QuestionsFormViewController.h; path = ../QuestionsFormViewController.h; sourceTree = "<group>"; };
		64C69EE51A6C4F37006AB0AC /* QuestionsFormViewController.m */ = {isa = PBXFileReference; fileEncoding = 4; lastKnownFileType = sourcecode.c.objc; name = QuestionsFormViewController.m; path = ../QuestionsFormViewController.m; sourceTree = "<group>"; };
		64C69EED1A6C5EBC006AB0AC /* QuestionDetailViewController.h */ = {isa = PBXFileReference; fileEncoding = 4; lastKnownFileType = sourcecode.c.h; name = QuestionDetailViewController.h; path = ../QuestionDetailViewController.h; sourceTree = "<group>"; };
		64C69EEE1A6C5EBC006AB0AC /* QuestionDetailViewController.m */ = {isa = PBXFileReference; fileEncoding = 4; lastKnownFileType = sourcecode.c.objc; name = QuestionDetailViewController.m; path = ../QuestionDetailViewController.m; sourceTree = "<group>"; };
		64C69EF01A6C6FFA006AB0AC /* QuestionsTableViewCell.h */ = {isa = PBXFileReference; fileEncoding = 4; lastKnownFileType = sourcecode.c.h; name = QuestionsTableViewCell.h; path = ../QuestionsTableViewCell.h; sourceTree = "<group>"; };
		64C69EF11A6C6FFA006AB0AC /* QuestionsTableViewCell.m */ = {isa = PBXFileReference; fileEncoding = 4; lastKnownFileType = sourcecode.c.objc; name = QuestionsTableViewCell.m; path = ../QuestionsTableViewCell.m; sourceTree = "<group>"; };
		64C69EF71A6C71D7006AB0AC /* group-32.png */ = {isa = PBXFileReference; lastKnownFileType = image.png; name = "group-32.png"; path = "../group-32.png"; sourceTree = "<group>"; };
		64C69EF91A6C726B006AB0AC /* ask_question-32.png */ = {isa = PBXFileReference; lastKnownFileType = image.png; name = "ask_question-32.png"; path = "../ask_question-32.png"; sourceTree = "<group>"; };
		64C69EFA1A6C726B006AB0AC /* chat-32.png */ = {isa = PBXFileReference; lastKnownFileType = image.png; name = "chat-32.png"; path = "../chat-32.png"; sourceTree = "<group>"; };
		64D8E3371AE9B488006EB1CD /* UserAnswersViewController.h */ = {isa = PBXFileReference; fileEncoding = 4; lastKnownFileType = sourcecode.c.h; path = UserAnswersViewController.h; sourceTree = "<group>"; };
		64D8E3381AE9B488006EB1CD /* UserAnswersViewController.m */ = {isa = PBXFileReference; fileEncoding = 4; lastKnownFileType = sourcecode.c.objc; path = UserAnswersViewController.m; sourceTree = "<group>"; };
		64E9C5F11AE444590055B325 /* correct6.png */ = {isa = PBXFileReference; lastKnownFileType = image.png; path = correct6.png; sourceTree = "<group>"; };
		64F567941ACE9FA90084AED4 /* ServerError.h */ = {isa = PBXFileReference; fileEncoding = 4; lastKnownFileType = sourcecode.c.h; path = ServerError.h; sourceTree = "<group>"; };
		64F567951ACE9FA90084AED4 /* ServerError.m */ = {isa = PBXFileReference; fileEncoding = 4; lastKnownFileType = sourcecode.c.objc; path = ServerError.m; sourceTree = "<group>"; };
		64F5679C1ACF07820084AED4 /* ImageView.h */ = {isa = PBXFileReference; fileEncoding = 4; lastKnownFileType = sourcecode.c.h; path = ImageView.h; sourceTree = "<group>"; };
		64F5679D1ACF07820084AED4 /* ImageView.m */ = {isa = PBXFileReference; fileEncoding = 4; lastKnownFileType = sourcecode.c.objc; path = ImageView.m; sourceTree = "<group>"; };
		64F5679F1ACF07910084AED4 /* ImageView.xib */ = {isa = PBXFileReference; fileEncoding = 4; lastKnownFileType = file.xib; path = ImageView.xib; sourceTree = "<group>"; };
		9282C7A4F351AC4371BB6A4C /* Pods-StackQA.release.xcconfig */ = {isa = PBXFileReference; includeInIndex = 1; lastKnownFileType = text.xcconfig; name = "Pods-StackQA.release.xcconfig"; path = "Pods/Target Support Files/Pods-StackQA/Pods-StackQA.release.xcconfig"; sourceTree = "<group>"; };
		F4B555D9EF6DDA2054400A8A /* libPods-StackQATests.a */ = {isa = PBXFileReference; explicitFileType = archive.ar; includeInIndex = 0; path = "libPods-StackQATests.a"; sourceTree = BUILT_PRODUCTS_DIR; };
/* End PBXFileReference section */

/* Begin PBXFrameworksBuildPhase section */
		64C69EB21A6C4F01006AB0AC /* Frameworks */ = {
			isa = PBXFrameworksBuildPhase;
			buildActionMask = 2147483647;
			files = (
				85DE37E0200C23155A10D8FE /* libPods-StackQA.a in Frameworks */,
			);
			runOnlyForDeploymentPostprocessing = 0;
		};
		64C69ECE1A6C4F01006AB0AC /* Frameworks */ = {
			isa = PBXFrameworksBuildPhase;
			buildActionMask = 2147483647;
			files = (
				E669C34ACD2D7E0FB1EC289C /* libPods-StackQATests.a in Frameworks */,
			);
			runOnlyForDeploymentPostprocessing = 0;
		};
/* End PBXFrameworksBuildPhase section */

/* Begin PBXGroup section */
		0BBB00002F9C03B1E48A680B /* Pods */ = {
			isa = PBXGroup;
			children = (
				59D33AF41C08481A842855BA /* Pods-StackQA.debug.xcconfig */,
				9282C7A4F351AC4371BB6A4C /* Pods-StackQA.release.xcconfig */,
				1EA85A2B2044ED18E82303D6 /* Pods-StackQATests.debug.xcconfig */,
				3E76E9A33D74CE7449938A9E /* Pods-StackQATests.release.xcconfig */,
			);
			name = Pods;
			sourceTree = "<group>";
		};
		6414F8781AD2D99C003B2C15 /* statistic */ = {
			isa = PBXGroup;
			children = (
				6414F8791AD2D9B6003B2C15 /* StatisticViewController.h */,
				6414F87A1AD2D9B6003B2C15 /* StatisticViewController.m */,
			);
			name = statistic;
			sourceTree = "<group>";
		};
		6414F87F1AD2E27D003B2C15 /* statistic */ = {
			isa = PBXGroup;
			children = (
				642FAE621AD339440093A5D2 /* SQAStatistic.h */,
				642FAE631AD339440093A5D2 /* SQAStatistic.m */,
			);
			name = statistic;
			sourceTree = "<group>";
		};
		6414F8801AD2E28E003B2C15 /* server_error */ = {
			isa = PBXGroup;
			children = (
				64F567941ACE9FA90084AED4 /* ServerError.h */,
				64F567951ACE9FA90084AED4 /* ServerError.m */,
			);
			name = server_error;
			sourceTree = "<group>";
		};
		64157B831AC82C0200E0E401 /* authorization */ = {
			isa = PBXGroup;
			children = (
				64157B871AC8440300E0E401 /* Authorization.h */,
				64157B881AC8440300E0E401 /* Authorization.m */,
				64157B841AC82C1E00E0E401 /* AuthorizationManager.h */,
				64157B851AC82C1E00E0E401 /* AuthorizationManager.m */,
			);
			name = authorization;
			sourceTree = "<group>";
		};
		64157B8D1AC8726A00E0E401 /* profile */ = {
			isa = PBXGroup;
			children = (
				64157B8E1AC8728400E0E401 /* ProfileViewController.h */,
				64157B8F1AC8728400E0E401 /* ProfileViewController.m */,
				648F4E3B1AD6C52E00DECF49 /* UserQuestionsViewController.h */,
				648F4E3C1AD6C52E00DECF49 /* UserQuestionsViewController.m */,
				64D8E3371AE9B488006EB1CD /* UserAnswersViewController.h */,
				64D8E3381AE9B488006EB1CD /* UserAnswersViewController.m */,
				646543761AFBF3C800C0E10F /* UserCommentsViewController.h */,
				646543771AFBF3C800C0E10F /* UserCommentsViewController.m */,
			);
			name = profile;
			sourceTree = "<group>";
		};
		64157B911AC8729C00E0E401 /* user */ = {
			isa = PBXGroup;
			children = (
				6480ED371AFFF5C50023AFBB /* User.h */,
				6480ED381AFFF5C50023AFBB /* User.m */,
			);
			name = user;
			sourceTree = "<group>";
		};
		6428B0BA1AAC68BB00110D62 /* images */ = {
			isa = PBXGroup;
			children = (
				64413C991B017DFE00AE6C27 /* bg-sb-test.jpg */,
				64413C971B017AB400AE6C27 /* cell-background.png */,
				64413C951B017A5100AE6C27 /* sidebar-background.png */,
				64413C931B01770E00AE6C27 /* star138.png */,
				6480ED3A1B0005AD0023AFBB /* down4-32.png */,
				6480ED3B1B0005AD0023AFBB /* up4-32.png */,
				64E9C5F11AE444590055B325 /* correct6.png */,
				640DC3841ADD96DB00CE22DA /* down-32.png */,
				640DC3821ADD96CC00CE22DA /* up-32.png */,
				640DC3801ADD860700CE22DA /* settings48.png */,
				643874211ACAFCD00059EBEC /* mark1.png */,
				643874171ACAF3820059EBEC /* user7.png */,
				64124A191AB987230009C034 /* move9.png */,
				6428B0E91AAE0AF500110D62 /* eye110.png */,
				6428B0E21AACF3DF00110D62 /* news-32.png */,
				6428B0E01AACF2D200110D62 /* feedback-32.png */,
				640DC37E1ADD824900CE22DA /* message.png */,
				6428B0DE1AACF2BE00110D62 /* response-32.png */,
				6428B0DC1AACF28E00110D62 /* category.png */,
				6428B0DA1AACF25C00110D62 /* answers-32.png */,
				6428B0D81AACF24D00110D62 /* ask_question-32.png */,
				6428B0D41AACF1E300110D62 /* create1.png */,
				6428B0D51AACF1E300110D62 /* login17.png */,
				6428B0CB1AAC78A900110D62 /* menu-32.png */,
				6469F9B31A70578900E837E3 /* delete_sign-32.png */,
				6469F9B11A70572B00E837E3 /* plus-32.png */,
				64C69EF91A6C726B006AB0AC /* ask_question-32.png */,
				6469F9AF1A7049B300E837E3 /* edit-32.png */,
				64C69EFA1A6C726B006AB0AC /* chat-32.png */,
				64C69EF71A6C71D7006AB0AC /* group-32.png */,
			);
			name = images;
			sourceTree = "<group>";
		};
		6428B0BB1AAC68C300110D62 /* controllers */ = {
			isa = PBXGroup;
			children = (
				6465437C1AFD3D4A00C0E10F /* categories */,
				644EAB771AF7D4ED000C921C /* comments */,
				6414F8781AD2D99C003B2C15 /* statistic */,
				64157B8D1AC8726A00E0E401 /* profile */,
				647C55C01AC36D6D0011D5FA /* authorization */,
				644B464E1AC0AC02002CF50C /* answers */,
				6428B0C71AAC778200110D62 /* sidebar */,
				6428B0C01AAC6AEC00110D62 /* SWRevealViewController */,
				6428B0BF1AAC6AE000110D62 /* questions */,
			);
			name = controllers;
			sourceTree = "<group>";
		};
		6428B0BC1AAC68CB00110D62 /* models */ = {
			isa = PBXGroup;
			children = (
				64413C8F1B0118EB00AE6C27 /* share */,
				644EAB7B1AF7DC2C000C921C /* comment */,
				6414F8801AD2E28E003B2C15 /* server_error */,
				6414F87F1AD2E27D003B2C15 /* statistic */,
				64157B911AC8729C00E0E401 /* user */,
				64157B831AC82C0200E0E401 /* authorization */,
				644B465D1AC0C6DB002CF50C /* answers */,
				646DDEFC1AB4D8670066F75A /* category */,
				6428B0E41AACF49500110D62 /* API */,
				6428B0BE1AAC68F500110D62 /* question */,
			);
			name = models;
			sourceTree = "<group>";
		};
		6428B0BD1AAC68D400110D62 /* views */ = {
			isa = PBXGroup;
			children = (
				646543801AFD3EA500C0E10F /* categories */,
				644FE0DB1AF80AE00059E830 /* comment */,
				642FAE651AD346D40093A5D2 /* statistic */,
				6438741B1ACAFBDB0059EBEC /* profile */,
				644B46541AC0BFBF002CF50C /* answers */,
				6428B0CE1AACB5F100110D62 /* questions */,
				6428B0CD1AACB5E900110D62 /* sidebar */,
			);
			name = views;
			sourceTree = "<group>";
		};
		6428B0BE1AAC68F500110D62 /* question */ = {
			isa = PBXGroup;
			children = (
				6480ED311AFFED660023AFBB /* Question.h */,
				6480ED321AFFED660023AFBB /* Question.m */,
			);
			name = question;
			sourceTree = "<group>";
		};
		6428B0BF1AAC6AE000110D62 /* questions */ = {
			isa = PBXGroup;
			children = (
				64C69EED1A6C5EBC006AB0AC /* QuestionDetailViewController.h */,
				64C69EEE1A6C5EBC006AB0AC /* QuestionDetailViewController.m */,
				64C69EE41A6C4F37006AB0AC /* QuestionsFormViewController.h */,
				64C69EE51A6C4F37006AB0AC /* QuestionsFormViewController.m */,
				64C69EE11A6C4F20006AB0AC /* QuestionsViewController.h */,
				64C69EE21A6C4F20006AB0AC /* QuestionsViewController.m */,
			);
			name = questions;
			sourceTree = "<group>";
		};
		6428B0C01AAC6AEC00110D62 /* SWRevealViewController */ = {
			isa = PBXGroup;
			children = (
				6428B0C11AAC73ED00110D62 /* SWRevealViewController.h */,
				6428B0C21AAC73ED00110D62 /* SWRevealViewController.m */,
			);
			name = SWRevealViewController;
			sourceTree = "<group>";
		};
		6428B0C71AAC778200110D62 /* sidebar */ = {
			isa = PBXGroup;
			children = (
				6428B0C41AAC777900110D62 /* SidebarViewController.h */,
				6428B0C51AAC777900110D62 /* SidebarViewController.m */,
				6428B0C81AAC77A100110D62 /* RightPanelViewController.h */,
				6428B0C91AAC77A100110D62 /* RightPanelViewController.m */,
			);
			name = sidebar;
			sourceTree = "<group>";
		};
		6428B0CD1AACB5E900110D62 /* sidebar */ = {
			isa = PBXGroup;
			children = (
				643874261ACB13BD0059EBEC /* SidebarTableViewCell.h */,
				643874271ACB13BD0059EBEC /* SidebarTableViewCell.m */,
				643874281ACB13BD0059EBEC /* SidebarTableViewCell.xib */,
			);
			name = sidebar;
			sourceTree = "<group>";
		};
		6428B0CE1AACB5F100110D62 /* questions */ = {
			isa = PBXGroup;
			children = (
				64C69EF01A6C6FFA006AB0AC /* QuestionsTableViewCell.h */,
				64C69EF11A6C6FFA006AB0AC /* QuestionsTableViewCell.m */,
			);
			name = questions;
			sourceTree = "<group>";
		};
		6428B0E41AACF49500110D62 /* API */ = {
			isa = PBXGroup;
			children = (
				6428B0E51AACF4B200110D62 /* Api.h */,
				6428B0E61AACF4B200110D62 /* Api.m */,
				642B5BFE1B04F42C004CEAA4 /* ServerConnection.h */,
				642B5BFF1B04F42C004CEAA4 /* ServerConnection.m */,
			);
			name = API;
			sourceTree = "<group>";
		};
		6428B0E81AAD0C3D00110D62 /* db */ = {
			isa = PBXGroup;
			children = (
				64C69EBF1A6C4F01006AB0AC /* StackQA.xcdatamodeld */,
			);
			name = db;
			sourceTree = "<group>";
		};
		642FAE651AD346D40093A5D2 /* statistic */ = {
			isa = PBXGroup;
			children = (
				642FAE661AD346EF0093A5D2 /* StatisticTableViewCell.h */,
				642FAE671AD346EF0093A5D2 /* StatisticTableViewCell.m */,
			);
			name = statistic;
			sourceTree = "<group>";
		};
		6438741B1ACAFBDB0059EBEC /* profile */ = {
			isa = PBXGroup;
			children = (
				6438741C1ACAFBFC0059EBEC /* ProfileSidebarTableViewCell.h */,
				6438741D1ACAFBFC0059EBEC /* ProfileSidebarTableViewCell.m */,
				6438741E1ACAFBFC0059EBEC /* ProfileSidebarTableViewCell.xib */,
				64F5679C1ACF07820084AED4 /* ImageView.h */,
				64F5679D1ACF07820084AED4 /* ImageView.m */,
				64F5679F1ACF07910084AED4 /* ImageView.xib */,
				647BD8971AF027F0002A0B66 /* UserAnswersTableViewCell.h */,
				647BD8981AF027F0002A0B66 /* UserAnswersTableViewCell.m */,
				646543791AFC0AD000C0E10F /* UserCommentTableViewCell.h */,
				6465437A1AFC0AD000C0E10F /* UserCommentTableViewCell.m */,
			);
			name = profile;
			sourceTree = "<group>";
		};
		64413C8F1B0118EB00AE6C27 /* share */ = {
			isa = PBXGroup;
			children = (
				64413C901B0118FD00AE6C27 /* RatingDelegate.h */,
				64413C911B0155E800AE6C27 /* QuestionDelegate.h */,
				64413C921B015F4200AE6C27 /* AnswerDelegate.h */,
				641085771B02A8530003FAF3 /* CommentDelegate.h */,
			);
			name = share;
			sourceTree = "<group>";
		};
		644B464E1AC0AC02002CF50C /* answers */ = {
			isa = PBXGroup;
			children = (
				644B464F1AC0AC28002CF50C /* AnswersViewController.h */,
				644B46501AC0AC28002CF50C /* AnswersViewController.m */,
				64A7B7001AE7C8D3008F6E90 /* AnswerDetailViewController.h */,
				64A7B7011AE7C8D3008F6E90 /* AnswerDetailViewController.m */,
			);
			name = answers;
			sourceTree = "<group>";
		};
		644B46541AC0BFBF002CF50C /* answers */ = {
			isa = PBXGroup;
			children = (
				644B46551AC0BFE6002CF50C /* AnswerTableViewCell.h */,
				644B46561AC0BFE6002CF50C /* AnswerTableViewCell.m */,
			);
			name = answers;
			sourceTree = "<group>";
		};
		644B465D1AC0C6DB002CF50C /* answers */ = {
			isa = PBXGroup;
			children = (
				64413C891B00FF0600AE6C27 /* Answer.h */,
				64413C8A1B00FF0600AE6C27 /* Answer.m */,
			);
			name = answers;
			sourceTree = "<group>";
		};
		644EAB771AF7D4ED000C921C /* comments */ = {
			isa = PBXGroup;
			children = (
				644EAB781AF7D50C000C921C /* CommentsListViewController.h */,
				644EAB791AF7D50C000C921C /* CommentsListViewController.m */,
				64097AA91AF96C3B002F44AD /* CommentDetailViewController.h */,
				64097AAA1AF96C3B002F44AD /* CommentDetailViewController.m */,
			);
			name = comments;
			sourceTree = "<group>";
		};
		644EAB7B1AF7DC2C000C921C /* comment */ = {
			isa = PBXGroup;
			children = (
				64413C8C1B01032400AE6C27 /* Comment.h */,
				64413C8D1B01032400AE6C27 /* Comment.m */,
			);
			name = comment;
			sourceTree = "<group>";
		};
		644FE0DB1AF80AE00059E830 /* comment */ = {
			isa = PBXGroup;
			children = (
				644FE0DC1AF80AFB0059E830 /* CommentTableViewCell.h */,
				644FE0DD1AF80AFB0059E830 /* CommentTableViewCell.m */,
			);
			name = comment;
			sourceTree = "<group>";
		};
		6465437C1AFD3D4A00C0E10F /* categories */ = {
			isa = PBXGroup;
			children = (
				6465437D1AFD3D6000C0E10F /* CategoriesViewController.h */,
				6465437E1AFD3D6000C0E10F /* CategoriesViewController.m */,
				6465438B1AFD656700C0E10F /* CategoryDetailViewController.h */,
				6465438C1AFD656700C0E10F /* CategoryDetailViewController.m */,
			);
			name = categories;
			sourceTree = "<group>";
		};
		646543801AFD3EA500C0E10F /* categories */ = {
			isa = PBXGroup;
			children = (
				646543811AFD3EC200C0E10F /* CategoryTableViewCell.h */,
				646543821AFD3EC200C0E10F /* CategoryTableViewCell.m */,
				646543861AFD508000C0E10F /* categoryHeader.xib */,
				646543881AFD5D7700C0E10F /* QuestionCategoryView.h */,
				646543891AFD5D7700C0E10F /* QuestionCategoryView.m */,
			);
			name = categories;
			sourceTree = "<group>";
		};
		646DDEFC1AB4D8670066F75A /* category */ = {
			isa = PBXGroup;
			children = (
				6480ED341AFFF5260023AFBB /* SCategory.h */,
				6480ED351AFFF5260023AFBB /* SCategory.m */,
			);
			name = category;
			sourceTree = "<group>";
		};
		647C55C01AC36D6D0011D5FA /* authorization */ = {
			isa = PBXGroup;
			children = (
				647C55C11AC36D980011D5FA /* AuthorizationViewController.h */,
				647C55C21AC36D980011D5FA /* AuthorizationViewController.m */,
			);
			name = authorization;
			sourceTree = "<group>";
		};
		64C69EAC1A6C4F01006AB0AC = {
			isa = PBXGroup;
			children = (
				64C69EB71A6C4F01006AB0AC /* StackQA */,
				64C69ED41A6C4F01006AB0AC /* StackQATests */,
				64C69EB61A6C4F01006AB0AC /* Products */,
				0BBB00002F9C03B1E48A680B /* Pods */,
				CC2694E0AE7A686147747373 /* Frameworks */,
			);
			sourceTree = "<group>";
		};
		64C69EB61A6C4F01006AB0AC /* Products */ = {
			isa = PBXGroup;
			children = (
				64C69EB51A6C4F01006AB0AC /* StackQA.app */,
				64C69ED11A6C4F01006AB0AC /* StackQATests.xctest */,
			);
			name = Products;
			sourceTree = "<group>";
		};
		64C69EB71A6C4F01006AB0AC /* StackQA */ = {
			isa = PBXGroup;
			children = (
				6428B0E81AAD0C3D00110D62 /* db */,
				6428B0BC1AAC68CB00110D62 /* models */,
				6428B0BD1AAC68D400110D62 /* views */,
				6428B0BB1AAC68C300110D62 /* controllers */,
				6428B0BA1AAC68BB00110D62 /* images */,
				64C69EBC1A6C4F01006AB0AC /* AppDelegate.h */,
				64C69EBD1A6C4F01006AB0AC /* AppDelegate.m */,
				64C69EC21A6C4F01006AB0AC /* ViewController.h */,
				64C69EC31A6C4F01006AB0AC /* ViewController.m */,
				6469F9B51A70592500E837E3 /* Main.storyboard */,
				64C69EC81A6C4F01006AB0AC /* Images.xcassets */,
				64C69ECA1A6C4F01006AB0AC /* LaunchScreen.xib */,
				64C69EB81A6C4F01006AB0AC /* Supporting Files */,
			);
			path = StackQA;
			sourceTree = "<group>";
		};
		64C69EB81A6C4F01006AB0AC /* Supporting Files */ = {
			isa = PBXGroup;
			children = (
				64C69EB91A6C4F01006AB0AC /* Info.plist */,
				64C69EBA1A6C4F01006AB0AC /* main.m */,
			);
			name = "Supporting Files";
			sourceTree = "<group>";
		};
		64C69ED41A6C4F01006AB0AC /* StackQATests */ = {
			isa = PBXGroup;
			children = (
				64C69ED51A6C4F01006AB0AC /* Supporting Files */,
				641085781B02B8E00003FAF3 /* QuestionSpec.m */,
			);
			path = StackQATests;
			sourceTree = "<group>";
		};
		64C69ED51A6C4F01006AB0AC /* Supporting Files */ = {
			isa = PBXGroup;
			children = (
				64C69ED61A6C4F01006AB0AC /* Info.plist */,
			);
			name = "Supporting Files";
			sourceTree = "<group>";
		};
		CC2694E0AE7A686147747373 /* Frameworks */ = {
			isa = PBXGroup;
			children = (
				0A6B621E56EE27401DA4E77E /* libPods-StackQA.a */,
				F4B555D9EF6DDA2054400A8A /* libPods-StackQATests.a */,
			);
			name = Frameworks;
			sourceTree = "<group>";
		};
/* End PBXGroup section */

/* Begin PBXNativeTarget section */
		64C69EB41A6C4F01006AB0AC /* StackQA */ = {
			isa = PBXNativeTarget;
			buildConfigurationList = 64C69EDB1A6C4F01006AB0AC /* Build configuration list for PBXNativeTarget "StackQA" */;
			buildPhases = (
				F631FB30637D82C3D6DC49F3 /* Check Pods Manifest.lock */,
				64C69EB11A6C4F01006AB0AC /* Sources */,
				64C69EB21A6C4F01006AB0AC /* Frameworks */,
				64C69EB31A6C4F01006AB0AC /* Resources */,
				3677D6209CAE987E5612F1D4 /* Copy Pods Resources */,
			);
			buildRules = (
			);
			dependencies = (
			);
			name = StackQA;
			productName = StackQA;
			productReference = 64C69EB51A6C4F01006AB0AC /* StackQA.app */;
			productType = "com.apple.product-type.application";
		};
		64C69ED01A6C4F01006AB0AC /* StackQATests */ = {
			isa = PBXNativeTarget;
			buildConfigurationList = 64C69EDE1A6C4F01006AB0AC /* Build configuration list for PBXNativeTarget "StackQATests" */;
			buildPhases = (
				8FE316D5EABBD841613727B3 /* Check Pods Manifest.lock */,
				64C69ECD1A6C4F01006AB0AC /* Sources */,
				64C69ECE1A6C4F01006AB0AC /* Frameworks */,
				64C69ECF1A6C4F01006AB0AC /* Resources */,
				3AE8597EB2B7A6F107DD3E73 /* Copy Pods Resources */,
			);
			buildRules = (
			);
			dependencies = (
				64C69ED31A6C4F01006AB0AC /* PBXTargetDependency */,
			);
			name = StackQATests;
			productName = StackQATests;
			productReference = 64C69ED11A6C4F01006AB0AC /* StackQATests.xctest */;
			productType = "com.apple.product-type.bundle.unit-test";
		};
/* End PBXNativeTarget section */

/* Begin PBXProject section */
		64C69EAD1A6C4F01006AB0AC /* Project object */ = {
			isa = PBXProject;
			attributes = {
				LastUpgradeCheck = 0610;
				ORGANIZATIONNAME = vsokoltsov;
				TargetAttributes = {
					64C69EB41A6C4F01006AB0AC = {
						CreatedOnToolsVersion = 6.1.1;
						DevelopmentTeam = H6WZYAW7R8;
					};
					64C69ED01A6C4F01006AB0AC = {
						CreatedOnToolsVersion = 6.1.1;
						TestTargetID = 64C69EB41A6C4F01006AB0AC;
					};
				};
			};
			buildConfigurationList = 64C69EB01A6C4F01006AB0AC /* Build configuration list for PBXProject "StackQA" */;
			compatibilityVersion = "Xcode 3.2";
			developmentRegion = English;
			hasScannedForEncodings = 0;
			knownRegions = (
				en,
				Base,
			);
			mainGroup = 64C69EAC1A6C4F01006AB0AC;
			productRefGroup = 64C69EB61A6C4F01006AB0AC /* Products */;
			projectDirPath = "";
			projectRoot = "";
			targets = (
				64C69EB41A6C4F01006AB0AC /* StackQA */,
				64C69ED01A6C4F01006AB0AC /* StackQATests */,
			);
		};
/* End PBXProject section */

/* Begin PBXResourcesBuildPhase section */
		64C69EB31A6C4F01006AB0AC /* Resources */ = {
			isa = PBXResourcesBuildPhase;
			buildActionMask = 2147483647;
			files = (
				6428B0E31AACF3DF00110D62 /* news-32.png in Resources */,
				6469F9B41A70578900E837E3 /* delete_sign-32.png in Resources */,
				64124A1A1AB987230009C034 /* move9.png in Resources */,
				640DC37F1ADD824900CE22DA /* message.png in Resources */,
				6469F9B61A70592500E837E3 /* Main.storyboard in Resources */,
				64E9C5F21AE4445A0055B325 /* correct6.png in Resources */,
				64C69EFB1A6C726B006AB0AC /* ask_question-32.png in Resources */,
				64F567A01ACF07910084AED4 /* ImageView.xib in Resources */,
				64413C941B01770E00AE6C27 /* star138.png in Resources */,
				6438742A1ACB13BD0059EBEC /* SidebarTableViewCell.xib in Resources */,
				6469F9B21A70572B00E837E3 /* plus-32.png in Resources */,
				643874181ACAF3820059EBEC /* user7.png in Resources */,
				6428B0EA1AAE0AF500110D62 /* eye110.png in Resources */,
				64C69ECC1A6C4F01006AB0AC /* LaunchScreen.xib in Resources */,
				643874221ACAFCD00059EBEC /* mark1.png in Resources */,
				6428B0D91AACF24D00110D62 /* ask_question-32.png in Resources */,
				64C69EFC1A6C726B006AB0AC /* chat-32.png in Resources */,
				6428B0DB1AACF25C00110D62 /* answers-32.png in Resources */,
				64413C9A1B017DFE00AE6C27 /* bg-sb-test.jpg in Resources */,
				646543871AFD508000C0E10F /* categoryHeader.xib in Resources */,
				64413C981B017AB400AE6C27 /* cell-background.png in Resources */,
				6428B0E11AACF2D200110D62 /* feedback-32.png in Resources */,
				640DC3811ADD860700CE22DA /* settings48.png in Resources */,
				6480ED3D1B0005AD0023AFBB /* up4-32.png in Resources */,
				64413C961B017A5100AE6C27 /* sidebar-background.png in Resources */,
				6428B0D61AACF1E300110D62 /* create1.png in Resources */,
				6428B0DF1AACF2BE00110D62 /* response-32.png in Resources */,
				64C69EF81A6C71D7006AB0AC /* group-32.png in Resources */,
				6428B0CC1AAC78A900110D62 /* menu-32.png in Resources */,
				640DC3851ADD96DB00CE22DA /* down-32.png in Resources */,
				6428B0D71AACF1E300110D62 /* login17.png in Resources */,
				643874201ACAFBFC0059EBEC /* ProfileSidebarTableViewCell.xib in Resources */,
				6428B0DD1AACF28E00110D62 /* category.png in Resources */,
				6469F9B01A7049B300E837E3 /* edit-32.png in Resources */,
				6480ED3C1B0005AD0023AFBB /* down4-32.png in Resources */,
				64C69EC91A6C4F01006AB0AC /* Images.xcassets in Resources */,
				640DC3831ADD96CC00CE22DA /* up-32.png in Resources */,
			);
			runOnlyForDeploymentPostprocessing = 0;
		};
		64C69ECF1A6C4F01006AB0AC /* Resources */ = {
			isa = PBXResourcesBuildPhase;
			buildActionMask = 2147483647;
			files = (
			);
			runOnlyForDeploymentPostprocessing = 0;
		};
/* End PBXResourcesBuildPhase section */

/* Begin PBXShellScriptBuildPhase section */
		3677D6209CAE987E5612F1D4 /* Copy Pods Resources */ = {
			isa = PBXShellScriptBuildPhase;
			buildActionMask = 2147483647;
			files = (
			);
			inputPaths = (
			);
			name = "Copy Pods Resources";
			outputPaths = (
			);
			runOnlyForDeploymentPostprocessing = 0;
			shellPath = /bin/sh;
			shellScript = "\"${SRCROOT}/Pods/Target Support Files/Pods-StackQA/Pods-StackQA-resources.sh\"\n";
			showEnvVarsInLog = 0;
		};
		3AE8597EB2B7A6F107DD3E73 /* Copy Pods Resources */ = {
			isa = PBXShellScriptBuildPhase;
			buildActionMask = 2147483647;
			files = (
			);
			inputPaths = (
			);
			name = "Copy Pods Resources";
			outputPaths = (
			);
			runOnlyForDeploymentPostprocessing = 0;
			shellPath = /bin/sh;
			shellScript = "\"${SRCROOT}/Pods/Target Support Files/Pods-StackQATests/Pods-StackQATests-resources.sh\"\n";
			showEnvVarsInLog = 0;
		};
		8FE316D5EABBD841613727B3 /* Check Pods Manifest.lock */ = {
			isa = PBXShellScriptBuildPhase;
			buildActionMask = 2147483647;
			files = (
			);
			inputPaths = (
			);
			name = "Check Pods Manifest.lock";
			outputPaths = (
			);
			runOnlyForDeploymentPostprocessing = 0;
			shellPath = /bin/sh;
			shellScript = "diff \"${PODS_ROOT}/../Podfile.lock\" \"${PODS_ROOT}/Manifest.lock\" > /dev/null\nif [[ $? != 0 ]] ; then\n    cat << EOM\nerror: The sandbox is not in sync with the Podfile.lock. Run 'pod install' or update your CocoaPods installation.\nEOM\n    exit 1\nfi\n";
			showEnvVarsInLog = 0;
		};
		F631FB30637D82C3D6DC49F3 /* Check Pods Manifest.lock */ = {
			isa = PBXShellScriptBuildPhase;
			buildActionMask = 2147483647;
			files = (
			);
			inputPaths = (
			);
			name = "Check Pods Manifest.lock";
			outputPaths = (
			);
			runOnlyForDeploymentPostprocessing = 0;
			shellPath = /bin/sh;
			shellScript = "diff \"${PODS_ROOT}/../Podfile.lock\" \"${PODS_ROOT}/Manifest.lock\" > /dev/null\nif [[ $? != 0 ]] ; then\n    cat << EOM\nerror: The sandbox is not in sync with the Podfile.lock. Run 'pod install' or update your CocoaPods installation.\nEOM\n    exit 1\nfi\n";
			showEnvVarsInLog = 0;
		};
/* End PBXShellScriptBuildPhase section */

/* Begin PBXSourcesBuildPhase section */
		64C69EB11A6C4F01006AB0AC /* Sources */ = {
			isa = PBXSourcesBuildPhase;
			buildActionMask = 2147483647;
			files = (
				6465438A1AFD5D7700C0E10F /* QuestionCategoryView.m in Sources */,
				64413C8E1B01032400AE6C27 /* Comment.m in Sources */,
				64C69EEF1A6C5EBC006AB0AC /* QuestionDetailViewController.m in Sources */,
				64C69EC11A6C4F01006AB0AC /* StackQA.xcdatamodeld in Sources */,
				6480ED391AFFF5C50023AFBB /* User.m in Sources */,
				644B46581AC0BFE6002CF50C /* AnswerTableViewCell.m in Sources */,
				6414F87B1AD2D9B6003B2C15 /* StatisticViewController.m in Sources */,
				647BD8991AF027F0002A0B66 /* UserAnswersTableViewCell.m in Sources */,
				6428B0E71AACF4B200110D62 /* Api.m in Sources */,
				6428B0CA1AAC77A100110D62 /* RightPanelViewController.m in Sources */,
				64413C8B1B00FF0600AE6C27 /* Answer.m in Sources */,
				64157B891AC8440300E0E401 /* Authorization.m in Sources */,
				6438741F1ACAFBFC0059EBEC /* ProfileSidebarTableViewCell.m in Sources */,
				64157B901AC8728400E0E401 /* ProfileViewController.m in Sources */,
				64D8E3391AE9B488006EB1CD /* UserAnswersViewController.m in Sources */,
				644B46511AC0AC28002CF50C /* AnswersViewController.m in Sources */,
				64C69EE31A6C4F20006AB0AC /* QuestionsViewController.m in Sources */,
				64157B861AC82C1E00E0E401 /* AuthorizationManager.m in Sources */,
				6465437B1AFC0AD000C0E10F /* UserCommentTableViewCell.m in Sources */,
				6428B0C61AAC777900110D62 /* SidebarViewController.m in Sources */,
				64C69EBE1A6C4F01006AB0AC /* AppDelegate.m in Sources */,
				64F5679E1ACF07820084AED4 /* ImageView.m in Sources */,
				6480ED331AFFED660023AFBB /* Question.m in Sources */,
				642FAE681AD346EF0093A5D2 /* StatisticTableViewCell.m in Sources */,
				644EAB7A1AF7D50C000C921C /* CommentsListViewController.m in Sources */,
				643874291ACB13BD0059EBEC /* SidebarTableViewCell.m in Sources */,
				642FAE641AD339440093A5D2 /* SQAStatistic.m in Sources */,
				646543781AFBF3C800C0E10F /* UserCommentsViewController.m in Sources */,
				6465438D1AFD656700C0E10F /* CategoryDetailViewController.m in Sources */,
				64C69EF31A6C6FFA006AB0AC /* QuestionsTableViewCell.m in Sources */,
				64C69EC41A6C4F01006AB0AC /* ViewController.m in Sources */,
				646543831AFD3EC200C0E10F /* CategoryTableViewCell.m in Sources */,
				642B5C001B04F42C004CEAA4 /* ServerConnection.m in Sources */,
				64A7B7021AE7C8D3008F6E90 /* AnswerDetailViewController.m in Sources */,
				6465437F1AFD3D6000C0E10F /* CategoriesViewController.m in Sources */,
				6428B0C31AAC73ED00110D62 /* SWRevealViewController.m in Sources */,
				64097AAB1AF96C3B002F44AD /* CommentDetailViewController.m in Sources */,
				644FE0DE1AF80AFB0059E830 /* CommentTableViewCell.m in Sources */,
				648F4E3D1AD6C52E00DECF49 /* UserQuestionsViewController.m in Sources */,
				6480ED361AFFF5260023AFBB /* SCategory.m in Sources */,
				64C69EE61A6C4F37006AB0AC /* QuestionsFormViewController.m in Sources */,
				64F567961ACE9FA90084AED4 /* ServerError.m in Sources */,
				64C69EBB1A6C4F01006AB0AC /* main.m in Sources */,
				647C55C31AC36D980011D5FA /* AuthorizationViewController.m in Sources */,
			);
			runOnlyForDeploymentPostprocessing = 0;
		};
		64C69ECD1A6C4F01006AB0AC /* Sources */ = {
			isa = PBXSourcesBuildPhase;
			buildActionMask = 2147483647;
			files = (
				6410857B1B02C3A00003FAF3 /* QuestionsViewController.m in Sources */,
				6410857A1B02BF030003FAF3 /* Api.m in Sources */,
				641085791B02B8E00003FAF3 /* QuestionSpec.m in Sources */,
			);
			runOnlyForDeploymentPostprocessing = 0;
		};
/* End PBXSourcesBuildPhase section */

/* Begin PBXTargetDependency section */
		64C69ED31A6C4F01006AB0AC /* PBXTargetDependency */ = {
			isa = PBXTargetDependency;
			target = 64C69EB41A6C4F01006AB0AC /* StackQA */;
			targetProxy = 64C69ED21A6C4F01006AB0AC /* PBXContainerItemProxy */;
		};
/* End PBXTargetDependency section */

/* Begin PBXVariantGroup section */
		64C69ECA1A6C4F01006AB0AC /* LaunchScreen.xib */ = {
			isa = PBXVariantGroup;
			children = (
				64C69ECB1A6C4F01006AB0AC /* Base */,
			);
			name = LaunchScreen.xib;
			sourceTree = "<group>";
		};
/* End PBXVariantGroup section */

/* Begin XCBuildConfiguration section */
		64C69ED91A6C4F01006AB0AC /* Debug */ = {
			isa = XCBuildConfiguration;
			buildSettings = {
				ALWAYS_SEARCH_USER_PATHS = NO;
				CLANG_CXX_LANGUAGE_STANDARD = "gnu++0x";
				CLANG_CXX_LIBRARY = "libc++";
				CLANG_ENABLE_MODULES = YES;
				CLANG_ENABLE_OBJC_ARC = YES;
				CLANG_WARN_BOOL_CONVERSION = YES;
				CLANG_WARN_CONSTANT_CONVERSION = YES;
				CLANG_WARN_DIRECT_OBJC_ISA_USAGE = YES_ERROR;
				CLANG_WARN_EMPTY_BODY = YES;
				CLANG_WARN_ENUM_CONVERSION = YES;
				CLANG_WARN_INT_CONVERSION = YES;
				CLANG_WARN_OBJC_ROOT_CLASS = YES_ERROR;
				CLANG_WARN_UNREACHABLE_CODE = YES;
				CLANG_WARN__DUPLICATE_METHOD_MATCH = YES;
				"CODE_SIGN_IDENTITY[sdk=iphoneos*]" = "iPhone Developer";
				COPY_PHASE_STRIP = NO;
				ENABLE_STRICT_OBJC_MSGSEND = YES;
				GCC_C_LANGUAGE_STANDARD = gnu99;
				GCC_DYNAMIC_NO_PIC = NO;
				GCC_OPTIMIZATION_LEVEL = 0;
				GCC_PREPROCESSOR_DEFINITIONS = (
					"DEBUG=1",
					"$(inherited)",
				);
				GCC_SYMBOLS_PRIVATE_EXTERN = NO;
				GCC_WARN_64_TO_32_BIT_CONVERSION = YES;
				GCC_WARN_ABOUT_RETURN_TYPE = YES_ERROR;
				GCC_WARN_UNDECLARED_SELECTOR = YES;
				GCC_WARN_UNINITIALIZED_AUTOS = YES_AGGRESSIVE;
				GCC_WARN_UNUSED_FUNCTION = YES;
				GCC_WARN_UNUSED_VARIABLE = YES;
				IPHONEOS_DEPLOYMENT_TARGET = 8.1;
				MTL_ENABLE_DEBUG_INFO = YES;
				ONLY_ACTIVE_ARCH = YES;
				SDKROOT = iphoneos;
				TARGETED_DEVICE_FAMILY = "1,2";
			};
			name = Debug;
		};
		64C69EDA1A6C4F01006AB0AC /* Release */ = {
			isa = XCBuildConfiguration;
			buildSettings = {
				ALWAYS_SEARCH_USER_PATHS = NO;
				CLANG_CXX_LANGUAGE_STANDARD = "gnu++0x";
				CLANG_CXX_LIBRARY = "libc++";
				CLANG_ENABLE_MODULES = YES;
				CLANG_ENABLE_OBJC_ARC = YES;
				CLANG_WARN_BOOL_CONVERSION = YES;
				CLANG_WARN_CONSTANT_CONVERSION = YES;
				CLANG_WARN_DIRECT_OBJC_ISA_USAGE = YES_ERROR;
				CLANG_WARN_EMPTY_BODY = YES;
				CLANG_WARN_ENUM_CONVERSION = YES;
				CLANG_WARN_INT_CONVERSION = YES;
				CLANG_WARN_OBJC_ROOT_CLASS = YES_ERROR;
				CLANG_WARN_UNREACHABLE_CODE = YES;
				CLANG_WARN__DUPLICATE_METHOD_MATCH = YES;
				"CODE_SIGN_IDENTITY[sdk=iphoneos*]" = "iPhone Developer";
				COPY_PHASE_STRIP = YES;
				ENABLE_NS_ASSERTIONS = NO;
				ENABLE_STRICT_OBJC_MSGSEND = YES;
				GCC_C_LANGUAGE_STANDARD = gnu99;
				GCC_WARN_64_TO_32_BIT_CONVERSION = YES;
				GCC_WARN_ABOUT_RETURN_TYPE = YES_ERROR;
				GCC_WARN_UNDECLARED_SELECTOR = YES;
				GCC_WARN_UNINITIALIZED_AUTOS = YES_AGGRESSIVE;
				GCC_WARN_UNUSED_FUNCTION = YES;
				GCC_WARN_UNUSED_VARIABLE = YES;
				IPHONEOS_DEPLOYMENT_TARGET = 8.1;
				MTL_ENABLE_DEBUG_INFO = NO;
				SDKROOT = iphoneos;
				TARGETED_DEVICE_FAMILY = "1,2";
				VALIDATE_PRODUCT = YES;
			};
			name = Release;
		};
		64C69EDC1A6C4F01006AB0AC /* Debug */ = {
			isa = XCBuildConfiguration;
			baseConfigurationReference = 59D33AF41C08481A842855BA /* Pods-StackQA.debug.xcconfig */;
			buildSettings = {
				ASSETCATALOG_COMPILER_APPICON_NAME = AppIcon;
				CODE_SIGN_IDENTITY = "iPhone Developer";
				"CODE_SIGN_IDENTITY[sdk=iphoneos*]" = "iPhone Developer";
				INFOPLIST_FILE = StackQA/Info.plist;
				IPHONEOS_DEPLOYMENT_TARGET = 8.0;
				LD_RUNPATH_SEARCH_PATHS = "$(inherited) @executable_path/Frameworks";
				PRODUCT_NAME = "$(TARGET_NAME)";
				PROVISIONING_PROFILE = "";
				TARGETED_DEVICE_FAMILY = 1;
				TREAT_MISSING_BASELINES_AS_TEST_FAILURES = YES;
			};
			name = Debug;
		};
		64C69EDD1A6C4F01006AB0AC /* Release */ = {
			isa = XCBuildConfiguration;
			baseConfigurationReference = 9282C7A4F351AC4371BB6A4C /* Pods-StackQA.release.xcconfig */;
			buildSettings = {
				ASSETCATALOG_COMPILER_APPICON_NAME = AppIcon;
				CODE_SIGN_IDENTITY = "iPhone Developer";
				"CODE_SIGN_IDENTITY[sdk=iphoneos*]" = "iPhone Developer";
				INFOPLIST_FILE = StackQA/Info.plist;
				IPHONEOS_DEPLOYMENT_TARGET = 8.0;
				LD_RUNPATH_SEARCH_PATHS = "$(inherited) @executable_path/Frameworks";
				PRODUCT_NAME = "$(TARGET_NAME)";
				PROVISIONING_PROFILE = "";
				TARGETED_DEVICE_FAMILY = 1;
				TREAT_MISSING_BASELINES_AS_TEST_FAILURES = YES;
			};
			name = Release;
		};
		64C69EDF1A6C4F01006AB0AC /* Debug */ = {
			isa = XCBuildConfiguration;
			baseConfigurationReference = 1EA85A2B2044ED18E82303D6 /* Pods-StackQATests.debug.xcconfig */;
			buildSettings = {
				BUNDLE_LOADER = "$(TEST_HOST)";
				FRAMEWORK_SEARCH_PATHS = (
					"$(SDKROOT)/Developer/Library/Frameworks",
					"$(inherited)",
				);
				GCC_PREPROCESSOR_DEFINITIONS = (
					"DEBUG=1",
					"$(inherited)",
				);
				INFOPLIST_FILE = StackQATests/Info.plist;
				LD_RUNPATH_SEARCH_PATHS = "$(inherited) @executable_path/Frameworks @loader_path/Frameworks";
				PRODUCT_NAME = "$(TARGET_NAME)";
				TEST_HOST = "$(BUILT_PRODUCTS_DIR)/StackQA.app/StackQA";
			};
			name = Debug;
		};
		64C69EE01A6C4F01006AB0AC /* Release */ = {
			isa = XCBuildConfiguration;
			baseConfigurationReference = 3E76E9A33D74CE7449938A9E /* Pods-StackQATests.release.xcconfig */;
			buildSettings = {
				BUNDLE_LOADER = "$(TEST_HOST)";
				FRAMEWORK_SEARCH_PATHS = (
					"$(SDKROOT)/Developer/Library/Frameworks",
					"$(inherited)",
				);
				INFOPLIST_FILE = StackQATests/Info.plist;
				LD_RUNPATH_SEARCH_PATHS = "$(inherited) @executable_path/Frameworks @loader_path/Frameworks";
				PRODUCT_NAME = "$(TARGET_NAME)";
				TEST_HOST = "$(BUILT_PRODUCTS_DIR)/StackQA.app/StackQA";
			};
			name = Release;
		};
/* End XCBuildConfiguration section */

/* Begin XCConfigurationList section */
		64C69EB01A6C4F01006AB0AC /* Build configuration list for PBXProject "StackQA" */ = {
			isa = XCConfigurationList;
			buildConfigurations = (
				64C69ED91A6C4F01006AB0AC /* Debug */,
				64C69EDA1A6C4F01006AB0AC /* Release */,
			);
			defaultConfigurationIsVisible = 0;
			defaultConfigurationName = Release;
		};
		64C69EDB1A6C4F01006AB0AC /* Build configuration list for PBXNativeTarget "StackQA" */ = {
			isa = XCConfigurationList;
			buildConfigurations = (
				64C69EDC1A6C4F01006AB0AC /* Debug */,
				64C69EDD1A6C4F01006AB0AC /* Release */,
			);
			defaultConfigurationIsVisible = 0;
			defaultConfigurationName = Release;
		};
		64C69EDE1A6C4F01006AB0AC /* Build configuration list for PBXNativeTarget "StackQATests" */ = {
			isa = XCConfigurationList;
			buildConfigurations = (
				64C69EDF1A6C4F01006AB0AC /* Debug */,
				64C69EE01A6C4F01006AB0AC /* Release */,
			);
			defaultConfigurationIsVisible = 0;
			defaultConfigurationName = Release;
		};
/* End XCConfigurationList section */

/* Begin XCVersionGroup section */
		64C69EBF1A6C4F01006AB0AC /* StackQA.xcdatamodeld */ = {
			isa = XCVersionGroup;
			children = (
				64C69EC01A6C4F01006AB0AC /* StackQA.xcdatamodel */,
			);
			currentVersion = 64C69EC01A6C4F01006AB0AC /* StackQA.xcdatamodel */;
			path = StackQA.xcdatamodeld;
			sourceTree = "<group>";
			versionGroupType = wrapper.xcdatamodel;
		};
/* End XCVersionGroup section */
	};
	rootObject = 64C69EAD1A6C4F01006AB0AC /* Project object */;
}
